
Microsoft Visual Studio Solution File, Format Version 12.00
# Visual Studio Version 16
VisualStudioVersion = 16.0.30413.136
MinimumVisualStudioVersion = 10.0.40219.1
Project("{FAE04EC0-301F-11D3-BF4B-00C04F79EFBC}") = "FarmerCooperative", "FarmerCooperative\FarmerCooperative.csproj", "{C974DF11-71A5-43B7-B25A-5BF3896F2602}"
EndProject
Global
	GlobalSection(SolutionConfigurationPlatforms) = preSolution
		Debug|Any CPU = Debug|Any CPU
		Release|Any CPU = Release|Any CPU
	EndGlobalSection
	GlobalSection(ProjectConfigurationPlatforms) = postSolution
		{C974DF11-71A5-43B7-B25A-5BF3896F2602}.Debug|Any CPU.ActiveCfg = Debug|Any CPU
		{C974DF11-71A5-43B7-B25A-5BF3896F2602}.Debug|Any CPU.Build.0 = Debug|Any CPU
		{C974DF11-71A5-43B7-B25A-5BF3896F2602}.Release|Any CPU.ActiveCfg = Release|Any CPU
		{C974DF11-71A5-43B7-B25A-5BF3896F2602}.Release|Any CPU.Build.0 = Release|Any CPU
	EndGlobalSection
	GlobalSection(SolutionProperties) = preSolution
		HideSolutionNode = FALSE
	EndGlobalSection
	GlobalSection(ExtensibilityGlobals) = postSolution
		SolutionGuid = {DB7B3BD9-4A86-4655-8907-9187B05578E2}
	EndGlobalSection
EndGlobal
